
Microsoft Visual Studio Solution File, Format Version 12.00
# Visual Studio 15
VisualStudioVersion = 15.0.27428.2037
MinimumVisualStudioVersion = 10.0.40219.1
Project("{2150E333-8FDC-42A3-9474-1A3956D46DE8}") = "1.Gün", "1.Gün", "{133BD890-CDDF-488E-8978-376466B031CC}"
EndProject
Project("{FAE04EC0-301F-11D3-BF4B-00C04F79EFBC}") = "Degiskenler", "Degiskenler\Degiskenler.csproj", "{0FEFA98B-6162-4CE4-81D0-3275303B67A4}"
EndProject
Project("{FAE04EC0-301F-11D3-BF4B-00C04F79EFBC}") = "KararYapilariVeDonguler", "KararYapilariVeDonguler\KararYapilariVeDonguler.csproj", "{C74FD184-8611-4EC0-9CCE-C5189B6748DD}"
EndProject
Project("{FAE04EC0-301F-11D3-BF4B-00C04F79EFBC}") = "odev_1", "odev_1\odev_1.csproj", "{48F1E123-4EE8-4959-8409-09D5E3E91628}"
EndProject
Project("{2150E333-8FDC-42A3-9474-1A3956D46DE8}") = "2.Gün", "2.Gün", "{20444382-13D1-46AF-8CB9-7FB7AA4E48D0}"
EndProject
Project("{FAE04EC0-301F-11D3-BF4B-00C04F79EFBC}") = "InputIslemleri", "InputIslemleri\InputIslemleri.csproj", "{9DBEFBBD-2D97-464D-80DF-00E3561B2559}"
EndProject
Project("{FAE04EC0-301F-11D3-BF4B-00C04F79EFBC}") = "Ornekler", "Ornekler\Ornekler.csproj", "{9C401C79-7C8D-4909-AC4E-634851DC60E4}"
EndProject
Project("{FAE04EC0-301F-11D3-BF4B-00C04F79EFBC}") = "RandomNesnesi", "RandomNesnesi\RandomNesnesi.csproj", "{CAAF6126-DDA7-4B0F-9078-808A9F7A0D9D}"
EndProject
Project("{FAE04EC0-301F-11D3-BF4B-00C04F79EFBC}") = "odev_2", "Odev_2\odev_2.csproj", "{CBDE1793-B668-4ACA-992E-838EAB1B0856}"
EndProject
Project("{FAE04EC0-301F-11D3-BF4B-00C04F79EFBC}") = "odev_3", "odev_3\odev_3.csproj", "{6D62B1A5-FA33-4EE2-9B60-941889FC6F71}"
EndProject
Project("{FAE04EC0-301F-11D3-BF4B-00C04F79EFBC}") = "odev_4", "odev_4\odev_4.csproj", "{744AC93C-E059-4C0A-8081-A869143FA109}"
EndProject
Project("{2150E333-8FDC-42A3-9474-1A3956D46DE8}") = "3.Gün", "3.Gün", "{382FFCE4-6E0B-42B9-ACDF-B899F5F4C13E}"
EndProject
Project("{FAE04EC0-301F-11D3-BF4B-00C04F79EFBC}") = "ZarOyunu", "ZarOyunu\ZarOyunu.csproj", "{41320EA3-8885-4402-B080-620A887E7425}"
EndProject
Project("{FAE04EC0-301F-11D3-BF4B-00C04F79EFBC}") = "SayiTahminOyunu", "SayiTahminOyunu\SayiTahminOyunu.csproj", "{2D617F64-C3AB-4A92-A86B-C525EEBDB89C}"
EndProject
Project("{FAE04EC0-301F-11D3-BF4B-00C04F79EFBC}") = "Diziler", "Diziler\Diziler.csproj", "{C4D61B6E-6015-4991-91C8-B2B76FD7F2D8}"
EndProject
Project("{FAE04EC0-301F-11D3-BF4B-00C04F79EFBC}") = "KelimeTahminOyunu", "KelimeTahminOyunu\KelimeTahminOyunu.csproj", "{4D92A1F0-DFED-4FB8-882F-361A289DA543}"
EndProject
Project("{FAE04EC0-301F-11D3-BF4B-00C04F79EFBC}") = "Methodlar", "Methodlar\Methodlar.csproj", "{2DA0BD13-0543-4A4E-B32F-597CE228AD4E}"
EndProject
Project("{FAE04EC0-301F-11D3-BF4B-00C04F79EFBC}") = "Methodlar2", "Methodlar2\Methodlar2.csproj", "{0BD4616F-2B03-4B4F-B34C-8FDD8D85DE40}"
EndProject
Project("{2150E333-8FDC-42A3-9474-1A3956D46DE8}") = "4.Gün", "4.Gün", "{F4A14694-CB23-4DE3-9DDE-73266744E8ED}"
EndProject
Project("{FAE04EC0-301F-11D3-BF4B-00C04F79EFBC}") = "AdamAsmacaOyunu", "AdamAsmacaOyunu\AdamAsmacaOyunu.csproj", "{D0A2FA1A-9F27-464E-825A-8A3A311A8BBB}"
EndProject
Project("{FAE04EC0-301F-11D3-BF4B-00C04F79EFBC}") = "RefOut", "RefOut\RefOut.csproj", "{FC2A1F28-64F8-460A-834D-F179DBB2E462}"
EndProject
Project("{FAE04EC0-301F-11D3-BF4B-00C04F79EFBC}") = "OopPart1", "OopPart1\OopPart1.csproj", "{91F07BE3-962A-4BFF-91FE-3C4E977E1F3B}"
EndProject
Project("{FAE04EC0-301F-11D3-BF4B-00C04F79EFBC}") = "FormGiris", "FormGiris\FormGiris.csproj", "{D90359F7-7648-4D44-A29A-51DF4AD25486}"
EndProject
Project("{FAE04EC0-301F-11D3-BF4B-00C04F79EFBC}") = "odev_5", "odev_5\odev_5.csproj", "{E8220D93-F586-4546-93F5-3902B49F29C0}"
EndProject
Project("{2150E333-8FDC-42A3-9474-1A3956D46DE8}") = "5.Gün", "5.Gün", "{5C0F4DFA-7BE3-4FCD-91CA-DE33D98E248D}"
EndProject
Project("{FAE04EC0-301F-11D3-BF4B-00C04F79EFBC}") = "HesapMakinesi", "HesapMakinesi\HesapMakinesi.csproj", "{F985F167-CC53-4B62-9D61-74A5B08B733D}"
EndProject
Project("{FAE04EC0-301F-11D3-BF4B-00C04F79EFBC}") = "MathStringDateTime", "MathStringDateTime\MathStringDateTime.csproj", "{44ABE7E5-616B-49AB-A19D-D654FA577CDF}"
EndProject
Project("{FAE04EC0-301F-11D3-BF4B-00C04F79EFBC}") = "Kayit", "Kayit\Kayit.csproj", "{2B04F1B0-1BD5-4C8B-BE32-730ACBB8AEF6}"
EndProject
Project("{FAE04EC0-301F-11D3-BF4B-00C04F79EFBC}") = "FormControls", "FormControls\FormControls.csproj", "{73FAFF2D-2F29-4764-B195-F38088108F84}"
EndProject
Project("{FAE04EC0-301F-11D3-BF4B-00C04F79EFBC}") = "odev_6", "odev_6\odev_6.csproj", "{418BFE00-6FAC-43FC-B4BA-78ED9605C105}"
EndProject
Project("{2150E333-8FDC-42A3-9474-1A3956D46DE8}") = "6.Gün", "6.Gün", "{B4E9D33E-AC7D-40F5-900F-40967ABF5A88}"
EndProject
Project("{FAE04EC0-301F-11D3-BF4B-00C04F79EFBC}") = "Kronometre", "Kronometre\Kronometre.csproj", "{AC600FE7-F689-4FC4-AED9-0791863C48B3}"
EndProject
Project("{FAE04EC0-301F-11D3-BF4B-00C04F79EFBC}") = "Kalitim", "Kalitim\Kalitim.csproj", "{62EC0DB2-3C50-4D56-8C70-78767D6EE2FA}"
EndProject
Project("{FAE04EC0-301F-11D3-BF4B-00C04F79EFBC}") = "KisiEnvanteri", "KisiEnvanteri\KisiEnvanteri.csproj", "{A3AE4594-5D44-47EC-95E6-16E5FA7E025C}"
EndProject
Project("{2150E333-8FDC-42A3-9474-1A3956D46DE8}") = "7.Gün", "7.Gün", "{4BC22DCA-34DF-433F-A3CD-5D65ED8F818A}"
EndProject
Project("{2150E333-8FDC-42A3-9474-1A3956D46DE8}") = "Overriding", "Overriding", "{1A229CBE-007F-4FEC-84B4-926385EE5921}"
EndProject
Project("{FAE04EC0-301F-11D3-BF4B-00C04F79EFBC}") = "Geometri.Lib", "Geometri.Lib\Geometri.Lib.csproj", "{90E66C7F-DE45-415A-BC1C-C88FC0935CE1}"
EndProject
Project("{FAE04EC0-301F-11D3-BF4B-00C04F79EFBC}") = "Geometri.App", "Geometri.App\Geometri.App.csproj", "{EA7526E1-5BC2-479C-93C6-121734A03E40}"
EndProject
Project("{2150E333-8FDC-42A3-9474-1A3956D46DE8}") = "Soyutlastirma", "Soyutlastirma", "{BA2A77CC-6125-42FC-861B-89A2CA476878}"
EndProject
Project("{FAE04EC0-301F-11D3-BF4B-00C04F79EFBC}") = "Soyut.App", "Soyut.App\Soyut.App.csproj", "{D4BAD25A-78C9-4A56-A700-A8319B5DD647}"
EndProject
Project("{FAE04EC0-301F-11D3-BF4B-00C04F79EFBC}") = "Soyut.Lib", "Soyut.Lib\Soyut.Lib.csproj", "{F05203EB-D896-47AD-8035-4C19C01F1B9D}"
EndProject
Project("{FAE04EC0-301F-11D3-BF4B-00C04F79EFBC}") = "InterfaceOrnek", "InterfaceOrnek\InterfaceOrnek.csproj", "{342978E0-E92B-4D0C-958B-19868E863FF4}"
EndProject
Project("{2150E333-8FDC-42A3-9474-1A3956D46DE8}") = "8.Gün", "8.Gün", "{2D6D0A1A-7258-42AC-A37C-8032DDD0BB50}"
EndProject
Project("{2150E333-8FDC-42A3-9474-1A3956D46DE8}") = "Interface Segregation", "Interface Segregation", "{A3AE4E59-81B3-444D-8755-E92CE54E52F3}"
EndProject
Project("{FAE04EC0-301F-11D3-BF4B-00C04F79EFBC}") = "Cs.Lib", "Cs.Lib\Cs.Lib.csproj", "{7ECBD8DA-1371-4293-9108-AB28A1343175}"
EndProject
Project("{FAE04EC0-301F-11D3-BF4B-00C04F79EFBC}") = "Cs.App", "Cs.App\Cs.App.csproj", "{0721B6CA-9FDF-4641-BA24-2BBA0DA68F41}"
EndProject
Project("{2150E333-8FDC-42A3-9474-1A3956D46DE8}") = "Operator Overloading", "Operator Overloading", "{AE3B5863-B19A-42C2-8865-60AA8CD4DDDC}"
EndProject
Project("{FAE04EC0-301F-11D3-BF4B-00C04F79EFBC}") = "OperatorOverloading", "OperatorOverloading\OperatorOverloading.csproj", "{A0E478A2-D060-4A78-8502-B07803ECEC18}"
EndProject
Project("{2150E333-8FDC-42A3-9474-1A3956D46DE8}") = "OdevUcakSavarOyunu", "OdevUcakSavarOyunu", "{EFA188E6-9206-4871-A3BB-E09A9DC813F6}"
EndProject
Project("{FAE04EC0-301F-11D3-BF4B-00C04F79EFBC}") = "UcakSavarOyunu.Lib", "UcakSavarOyunu.Lib\UcakSavarOyunu.Lib.csproj", "{1C55A67B-692F-41C2-BA8B-AF74E7F49333}"
EndProject
Project("{FAE04EC0-301F-11D3-BF4B-00C04F79EFBC}") = "UcakSavarOyunu.App", "UcakSavarOyunu.App\UcakSavarOyunu.App.csproj", "{D618F50C-2284-482F-A1BF-829BCAB44B34}"
EndProject
Project("{2150E333-8FDC-42A3-9474-1A3956D46DE8}") = "9.Gün", "9.Gün", "{C3BF72AF-0670-4326-B334-DC731EB8F705}"
EndProject
Project("{FAE04EC0-301F-11D3-BF4B-00C04F79EFBC}") = "KisiselKontroller", "KisiselKontroller\KisiselKontroller.csproj", "{C1A02F54-3AB4-46EE-BBCF-7C3A5D5FCD4F}"
EndProject
Project("{FAE04EC0-301F-11D3-BF4B-00C04F79EFBC}") = "BinarySerialization", "BinarySerialization\BinarySerialization.csproj", "{75824B7B-4F49-45D3-B651-82431C6CE5C4}"
EndProject
Project("{2150E333-8FDC-42A3-9474-1A3956D46DE8}") = "10.Gün", "10.Gün", "{08EA674F-5406-4FC5-B2B9-D044D5EE2088}"
EndProject
Project("{FAE04EC0-301F-11D3-BF4B-00C04F79EFBC}") = "KisiEnvanteriV2", "KisiEnvanteriV2\KisiEnvanteriV2.csproj", "{BA3A5134-F073-4902-9894-0BD470EDB8F8}"
EndProject
Project("{FAE04EC0-301F-11D3-BF4B-00C04F79EFBC}") = "UcakSavarOyunu", "UcakSavarOyunu\UcakSavarOyunu.csproj", "{DBC37A9B-6AC9-4DBD-8360-1F403F383B20}"
EndProject
Project("{2150E333-8FDC-42A3-9474-1A3956D46DE8}") = "11.Gün", "11.Gün", "{1685EFF2-8CC3-4E61-847D-596658AC674D}"
EndProject
Project("{FAE04EC0-301F-11D3-BF4B-00C04F79EFBC}") = "XmlJsonServislerineBaglanma", "XmlJsonServislerineBaglanma\XmlJsonServislerineBaglanma.csproj", "{67C71C67-1CC5-48AD-97C1-B6517795FBC8}"
EndProject
Project("{2150E333-8FDC-42A3-9474-1A3956D46DE8}") = "12.Gün", "12.Gün", "{8EE0E8A7-8C82-4906-8108-CF8DC02CDF0B}"
EndProject
Project("{FAE04EC0-301F-11D3-BF4B-00C04F79EFBC}") = "CRMEkranYonetimi", "CRMEkranYonetimi\CRMEkranYonetimi.csproj", "{C35A48D4-4187-45D3-BBDF-1E8FE514A5E0}"
EndProject
Project("{2150E333-8FDC-42A3-9474-1A3956D46DE8}") = "13.Gün", "13.Gün", "{57B953CC-61F1-48A4-AFFC-3DADD0E3CEB7}"
EndProject
Project("{FAE04EC0-301F-11D3-BF4B-00C04F79EFBC}") = "Hastane.Lib", "Hastane.Lib\Hastane.Lib.csproj", "{59E0282A-5850-47FD-87E5-A2DED9451B59}"
EndProject
Project("{FAE04EC0-301F-11D3-BF4B-00C04F79EFBC}") = "Hastane.WFA", "Hastane.WFA\Hastane.WFA.csproj", "{84C9C15A-3F75-42F3-9FB2-CFCEAD9FDEC9}"
EndProject
Project("{2150E333-8FDC-42A3-9474-1A3956D46DE8}") = "14.Gün", "14.Gün", "{FA511C01-DC87-4011-AEC3-08F5E7FE3236}"
EndProject
Project("{FAE04EC0-301F-11D3-BF4B-00C04F79EFBC}") = "AdoNet", "AdoNet\AdoNet.csproj", "{3588AA0D-4C29-487C-975E-60AFF84DCCC2}"
EndProject
Global
	GlobalSection(SolutionConfigurationPlatforms) = preSolution
		Debug|Any CPU = Debug|Any CPU
		Release|Any CPU = Release|Any CPU
	EndGlobalSection
	GlobalSection(ProjectConfigurationPlatforms) = postSolution
		{0FEFA98B-6162-4CE4-81D0-3275303B67A4}.Debug|Any CPU.ActiveCfg = Debug|Any CPU
		{0FEFA98B-6162-4CE4-81D0-3275303B67A4}.Debug|Any CPU.Build.0 = Debug|Any CPU
		{0FEFA98B-6162-4CE4-81D0-3275303B67A4}.Release|Any CPU.ActiveCfg = Release|Any CPU
		{0FEFA98B-6162-4CE4-81D0-3275303B67A4}.Release|Any CPU.Build.0 = Release|Any CPU
		{C74FD184-8611-4EC0-9CCE-C5189B6748DD}.Debug|Any CPU.ActiveCfg = Debug|Any CPU
		{C74FD184-8611-4EC0-9CCE-C5189B6748DD}.Debug|Any CPU.Build.0 = Debug|Any CPU
		{C74FD184-8611-4EC0-9CCE-C5189B6748DD}.Release|Any CPU.ActiveCfg = Release|Any CPU
		{C74FD184-8611-4EC0-9CCE-C5189B6748DD}.Release|Any CPU.Build.0 = Release|Any CPU
		{48F1E123-4EE8-4959-8409-09D5E3E91628}.Debug|Any CPU.ActiveCfg = Debug|Any CPU
		{48F1E123-4EE8-4959-8409-09D5E3E91628}.Debug|Any CPU.Build.0 = Debug|Any CPU
		{48F1E123-4EE8-4959-8409-09D5E3E91628}.Release|Any CPU.ActiveCfg = Release|Any CPU
		{48F1E123-4EE8-4959-8409-09D5E3E91628}.Release|Any CPU.Build.0 = Release|Any CPU
		{9DBEFBBD-2D97-464D-80DF-00E3561B2559}.Debug|Any CPU.ActiveCfg = Debug|Any CPU
		{9DBEFBBD-2D97-464D-80DF-00E3561B2559}.Debug|Any CPU.Build.0 = Debug|Any CPU
		{9DBEFBBD-2D97-464D-80DF-00E3561B2559}.Release|Any CPU.ActiveCfg = Release|Any CPU
		{9DBEFBBD-2D97-464D-80DF-00E3561B2559}.Release|Any CPU.Build.0 = Release|Any CPU
		{9C401C79-7C8D-4909-AC4E-634851DC60E4}.Debug|Any CPU.ActiveCfg = Debug|Any CPU
		{9C401C79-7C8D-4909-AC4E-634851DC60E4}.Debug|Any CPU.Build.0 = Debug|Any CPU
		{9C401C79-7C8D-4909-AC4E-634851DC60E4}.Release|Any CPU.ActiveCfg = Release|Any CPU
		{9C401C79-7C8D-4909-AC4E-634851DC60E4}.Release|Any CPU.Build.0 = Release|Any CPU
		{CAAF6126-DDA7-4B0F-9078-808A9F7A0D9D}.Debug|Any CPU.ActiveCfg = Debug|Any CPU
		{CAAF6126-DDA7-4B0F-9078-808A9F7A0D9D}.Debug|Any CPU.Build.0 = Debug|Any CPU
		{CAAF6126-DDA7-4B0F-9078-808A9F7A0D9D}.Release|Any CPU.ActiveCfg = Release|Any CPU
		{CAAF6126-DDA7-4B0F-9078-808A9F7A0D9D}.Release|Any CPU.Build.0 = Release|Any CPU
		{CBDE1793-B668-4ACA-992E-838EAB1B0856}.Debug|Any CPU.ActiveCfg = Debug|Any CPU
		{CBDE1793-B668-4ACA-992E-838EAB1B0856}.Debug|Any CPU.Build.0 = Debug|Any CPU
		{CBDE1793-B668-4ACA-992E-838EAB1B0856}.Release|Any CPU.ActiveCfg = Release|Any CPU
		{CBDE1793-B668-4ACA-992E-838EAB1B0856}.Release|Any CPU.Build.0 = Release|Any CPU
		{6D62B1A5-FA33-4EE2-9B60-941889FC6F71}.Debug|Any CPU.ActiveCfg = Debug|Any CPU
		{6D62B1A5-FA33-4EE2-9B60-941889FC6F71}.Debug|Any CPU.Build.0 = Debug|Any CPU
		{6D62B1A5-FA33-4EE2-9B60-941889FC6F71}.Release|Any CPU.ActiveCfg = Release|Any CPU
		{6D62B1A5-FA33-4EE2-9B60-941889FC6F71}.Release|Any CPU.Build.0 = Release|Any CPU
		{744AC93C-E059-4C0A-8081-A869143FA109}.Debug|Any CPU.ActiveCfg = Debug|Any CPU
		{744AC93C-E059-4C0A-8081-A869143FA109}.Debug|Any CPU.Build.0 = Debug|Any CPU
		{744AC93C-E059-4C0A-8081-A869143FA109}.Release|Any CPU.ActiveCfg = Release|Any CPU
		{744AC93C-E059-4C0A-8081-A869143FA109}.Release|Any CPU.Build.0 = Release|Any CPU
		{41320EA3-8885-4402-B080-620A887E7425}.Debug|Any CPU.ActiveCfg = Debug|Any CPU
		{41320EA3-8885-4402-B080-620A887E7425}.Debug|Any CPU.Build.0 = Debug|Any CPU
		{41320EA3-8885-4402-B080-620A887E7425}.Release|Any CPU.ActiveCfg = Release|Any CPU
		{41320EA3-8885-4402-B080-620A887E7425}.Release|Any CPU.Build.0 = Release|Any CPU
		{2D617F64-C3AB-4A92-A86B-C525EEBDB89C}.Debug|Any CPU.ActiveCfg = Debug|Any CPU
		{2D617F64-C3AB-4A92-A86B-C525EEBDB89C}.Debug|Any CPU.Build.0 = Debug|Any CPU
		{2D617F64-C3AB-4A92-A86B-C525EEBDB89C}.Release|Any CPU.ActiveCfg = Release|Any CPU
		{2D617F64-C3AB-4A92-A86B-C525EEBDB89C}.Release|Any CPU.Build.0 = Release|Any CPU
		{C4D61B6E-6015-4991-91C8-B2B76FD7F2D8}.Debug|Any CPU.ActiveCfg = Debug|Any CPU
		{C4D61B6E-6015-4991-91C8-B2B76FD7F2D8}.Debug|Any CPU.Build.0 = Debug|Any CPU
		{C4D61B6E-6015-4991-91C8-B2B76FD7F2D8}.Release|Any CPU.ActiveCfg = Release|Any CPU
		{C4D61B6E-6015-4991-91C8-B2B76FD7F2D8}.Release|Any CPU.Build.0 = Release|Any CPU
		{4D92A1F0-DFED-4FB8-882F-361A289DA543}.Debug|Any CPU.ActiveCfg = Debug|Any CPU
		{4D92A1F0-DFED-4FB8-882F-361A289DA543}.Debug|Any CPU.Build.0 = Debug|Any CPU
		{4D92A1F0-DFED-4FB8-882F-361A289DA543}.Release|Any CPU.ActiveCfg = Release|Any CPU
		{4D92A1F0-DFED-4FB8-882F-361A289DA543}.Release|Any CPU.Build.0 = Release|Any CPU
		{2DA0BD13-0543-4A4E-B32F-597CE228AD4E}.Debug|Any CPU.ActiveCfg = Debug|Any CPU
		{2DA0BD13-0543-4A4E-B32F-597CE228AD4E}.Debug|Any CPU.Build.0 = Debug|Any CPU
		{2DA0BD13-0543-4A4E-B32F-597CE228AD4E}.Release|Any CPU.ActiveCfg = Release|Any CPU
		{2DA0BD13-0543-4A4E-B32F-597CE228AD4E}.Release|Any CPU.Build.0 = Release|Any CPU
		{0BD4616F-2B03-4B4F-B34C-8FDD8D85DE40}.Debug|Any CPU.ActiveCfg = Debug|Any CPU
		{0BD4616F-2B03-4B4F-B34C-8FDD8D85DE40}.Debug|Any CPU.Build.0 = Debug|Any CPU
		{0BD4616F-2B03-4B4F-B34C-8FDD8D85DE40}.Release|Any CPU.ActiveCfg = Release|Any CPU
		{0BD4616F-2B03-4B4F-B34C-8FDD8D85DE40}.Release|Any CPU.Build.0 = Release|Any CPU
		{D0A2FA1A-9F27-464E-825A-8A3A311A8BBB}.Debug|Any CPU.ActiveCfg = Debug|Any CPU
		{D0A2FA1A-9F27-464E-825A-8A3A311A8BBB}.Debug|Any CPU.Build.0 = Debug|Any CPU
		{D0A2FA1A-9F27-464E-825A-8A3A311A8BBB}.Release|Any CPU.ActiveCfg = Release|Any CPU
		{D0A2FA1A-9F27-464E-825A-8A3A311A8BBB}.Release|Any CPU.Build.0 = Release|Any CPU
		{FC2A1F28-64F8-460A-834D-F179DBB2E462}.Debug|Any CPU.ActiveCfg = Debug|Any CPU
		{FC2A1F28-64F8-460A-834D-F179DBB2E462}.Debug|Any CPU.Build.0 = Debug|Any CPU
		{FC2A1F28-64F8-460A-834D-F179DBB2E462}.Release|Any CPU.ActiveCfg = Release|Any CPU
		{FC2A1F28-64F8-460A-834D-F179DBB2E462}.Release|Any CPU.Build.0 = Release|Any CPU
		{91F07BE3-962A-4BFF-91FE-3C4E977E1F3B}.Debug|Any CPU.ActiveCfg = Debug|Any CPU
		{91F07BE3-962A-4BFF-91FE-3C4E977E1F3B}.Debug|Any CPU.Build.0 = Debug|Any CPU
		{91F07BE3-962A-4BFF-91FE-3C4E977E1F3B}.Release|Any CPU.ActiveCfg = Release|Any CPU
		{91F07BE3-962A-4BFF-91FE-3C4E977E1F3B}.Release|Any CPU.Build.0 = Release|Any CPU
		{D90359F7-7648-4D44-A29A-51DF4AD25486}.Debug|Any CPU.ActiveCfg = Debug|Any CPU
		{D90359F7-7648-4D44-A29A-51DF4AD25486}.Debug|Any CPU.Build.0 = Debug|Any CPU
		{D90359F7-7648-4D44-A29A-51DF4AD25486}.Release|Any CPU.ActiveCfg = Release|Any CPU
		{D90359F7-7648-4D44-A29A-51DF4AD25486}.Release|Any CPU.Build.0 = Release|Any CPU
		{E8220D93-F586-4546-93F5-3902B49F29C0}.Debug|Any CPU.ActiveCfg = Debug|Any CPU
		{E8220D93-F586-4546-93F5-3902B49F29C0}.Debug|Any CPU.Build.0 = Debug|Any CPU
		{E8220D93-F586-4546-93F5-3902B49F29C0}.Release|Any CPU.ActiveCfg = Release|Any CPU
		{E8220D93-F586-4546-93F5-3902B49F29C0}.Release|Any CPU.Build.0 = Release|Any CPU
		{F985F167-CC53-4B62-9D61-74A5B08B733D}.Debug|Any CPU.ActiveCfg = Debug|Any CPU
		{F985F167-CC53-4B62-9D61-74A5B08B733D}.Debug|Any CPU.Build.0 = Debug|Any CPU
		{F985F167-CC53-4B62-9D61-74A5B08B733D}.Release|Any CPU.ActiveCfg = Release|Any CPU
		{F985F167-CC53-4B62-9D61-74A5B08B733D}.Release|Any CPU.Build.0 = Release|Any CPU
		{44ABE7E5-616B-49AB-A19D-D654FA577CDF}.Debug|Any CPU.ActiveCfg = Debug|Any CPU
		{44ABE7E5-616B-49AB-A19D-D654FA577CDF}.Debug|Any CPU.Build.0 = Debug|Any CPU
		{44ABE7E5-616B-49AB-A19D-D654FA577CDF}.Release|Any CPU.ActiveCfg = Release|Any CPU
		{44ABE7E5-616B-49AB-A19D-D654FA577CDF}.Release|Any CPU.Build.0 = Release|Any CPU
		{2B04F1B0-1BD5-4C8B-BE32-730ACBB8AEF6}.Debug|Any CPU.ActiveCfg = Debug|Any CPU
		{2B04F1B0-1BD5-4C8B-BE32-730ACBB8AEF6}.Debug|Any CPU.Build.0 = Debug|Any CPU
		{2B04F1B0-1BD5-4C8B-BE32-730ACBB8AEF6}.Release|Any CPU.ActiveCfg = Release|Any CPU
		{2B04F1B0-1BD5-4C8B-BE32-730ACBB8AEF6}.Release|Any CPU.Build.0 = Release|Any CPU
		{73FAFF2D-2F29-4764-B195-F38088108F84}.Debug|Any CPU.ActiveCfg = Debug|Any CPU
		{73FAFF2D-2F29-4764-B195-F38088108F84}.Debug|Any CPU.Build.0 = Debug|Any CPU
		{73FAFF2D-2F29-4764-B195-F38088108F84}.Release|Any CPU.ActiveCfg = Release|Any CPU
		{73FAFF2D-2F29-4764-B195-F38088108F84}.Release|Any CPU.Build.0 = Release|Any CPU
		{418BFE00-6FAC-43FC-B4BA-78ED9605C105}.Debug|Any CPU.ActiveCfg = Debug|Any CPU
		{418BFE00-6FAC-43FC-B4BA-78ED9605C105}.Debug|Any CPU.Build.0 = Debug|Any CPU
		{418BFE00-6FAC-43FC-B4BA-78ED9605C105}.Release|Any CPU.ActiveCfg = Release|Any CPU
		{418BFE00-6FAC-43FC-B4BA-78ED9605C105}.Release|Any CPU.Build.0 = Release|Any CPU
		{AC600FE7-F689-4FC4-AED9-0791863C48B3}.Debug|Any CPU.ActiveCfg = Debug|Any CPU
		{AC600FE7-F689-4FC4-AED9-0791863C48B3}.Debug|Any CPU.Build.0 = Debug|Any CPU
		{AC600FE7-F689-4FC4-AED9-0791863C48B3}.Release|Any CPU.ActiveCfg = Release|Any CPU
		{AC600FE7-F689-4FC4-AED9-0791863C48B3}.Release|Any CPU.Build.0 = Release|Any CPU
		{62EC0DB2-3C50-4D56-8C70-78767D6EE2FA}.Debug|Any CPU.ActiveCfg = Debug|Any CPU
		{62EC0DB2-3C50-4D56-8C70-78767D6EE2FA}.Debug|Any CPU.Build.0 = Debug|Any CPU
		{62EC0DB2-3C50-4D56-8C70-78767D6EE2FA}.Release|Any CPU.ActiveCfg = Release|Any CPU
		{62EC0DB2-3C50-4D56-8C70-78767D6EE2FA}.Release|Any CPU.Build.0 = Release|Any CPU
		{A3AE4594-5D44-47EC-95E6-16E5FA7E025C}.Debug|Any CPU.ActiveCfg = Debug|Any CPU
		{A3AE4594-5D44-47EC-95E6-16E5FA7E025C}.Debug|Any CPU.Build.0 = Debug|Any CPU
		{A3AE4594-5D44-47EC-95E6-16E5FA7E025C}.Release|Any CPU.ActiveCfg = Release|Any CPU
		{A3AE4594-5D44-47EC-95E6-16E5FA7E025C}.Release|Any CPU.Build.0 = Release|Any CPU
		{90E66C7F-DE45-415A-BC1C-C88FC0935CE1}.Debug|Any CPU.ActiveCfg = Debug|Any CPU
		{90E66C7F-DE45-415A-BC1C-C88FC0935CE1}.Debug|Any CPU.Build.0 = Debug|Any CPU
		{90E66C7F-DE45-415A-BC1C-C88FC0935CE1}.Release|Any CPU.ActiveCfg = Release|Any CPU
		{90E66C7F-DE45-415A-BC1C-C88FC0935CE1}.Release|Any CPU.Build.0 = Release|Any CPU
		{EA7526E1-5BC2-479C-93C6-121734A03E40}.Debug|Any CPU.ActiveCfg = Debug|Any CPU
		{EA7526E1-5BC2-479C-93C6-121734A03E40}.Debug|Any CPU.Build.0 = Debug|Any CPU
		{EA7526E1-5BC2-479C-93C6-121734A03E40}.Release|Any CPU.ActiveCfg = Release|Any CPU
		{EA7526E1-5BC2-479C-93C6-121734A03E40}.Release|Any CPU.Build.0 = Release|Any CPU
		{D4BAD25A-78C9-4A56-A700-A8319B5DD647}.Debug|Any CPU.ActiveCfg = Debug|Any CPU
		{D4BAD25A-78C9-4A56-A700-A8319B5DD647}.Debug|Any CPU.Build.0 = Debug|Any CPU
		{D4BAD25A-78C9-4A56-A700-A8319B5DD647}.Release|Any CPU.ActiveCfg = Release|Any CPU
		{D4BAD25A-78C9-4A56-A700-A8319B5DD647}.Release|Any CPU.Build.0 = Release|Any CPU
		{F05203EB-D896-47AD-8035-4C19C01F1B9D}.Debug|Any CPU.ActiveCfg = Debug|Any CPU
		{F05203EB-D896-47AD-8035-4C19C01F1B9D}.Debug|Any CPU.Build.0 = Debug|Any CPU
		{F05203EB-D896-47AD-8035-4C19C01F1B9D}.Release|Any CPU.ActiveCfg = Release|Any CPU
		{F05203EB-D896-47AD-8035-4C19C01F1B9D}.Release|Any CPU.Build.0 = Release|Any CPU
		{342978E0-E92B-4D0C-958B-19868E863FF4}.Debug|Any CPU.ActiveCfg = Debug|Any CPU
		{342978E0-E92B-4D0C-958B-19868E863FF4}.Debug|Any CPU.Build.0 = Debug|Any CPU
		{342978E0-E92B-4D0C-958B-19868E863FF4}.Release|Any CPU.ActiveCfg = Release|Any CPU
		{342978E0-E92B-4D0C-958B-19868E863FF4}.Release|Any CPU.Build.0 = Release|Any CPU
		{7ECBD8DA-1371-4293-9108-AB28A1343175}.Debug|Any CPU.ActiveCfg = Debug|Any CPU
		{7ECBD8DA-1371-4293-9108-AB28A1343175}.Debug|Any CPU.Build.0 = Debug|Any CPU
		{7ECBD8DA-1371-4293-9108-AB28A1343175}.Release|Any CPU.ActiveCfg = Release|Any CPU
		{7ECBD8DA-1371-4293-9108-AB28A1343175}.Release|Any CPU.Build.0 = Release|Any CPU
		{0721B6CA-9FDF-4641-BA24-2BBA0DA68F41}.Debug|Any CPU.ActiveCfg = Debug|Any CPU
		{0721B6CA-9FDF-4641-BA24-2BBA0DA68F41}.Debug|Any CPU.Build.0 = Debug|Any CPU
		{0721B6CA-9FDF-4641-BA24-2BBA0DA68F41}.Release|Any CPU.ActiveCfg = Release|Any CPU
		{0721B6CA-9FDF-4641-BA24-2BBA0DA68F41}.Release|Any CPU.Build.0 = Release|Any CPU
		{A0E478A2-D060-4A78-8502-B07803ECEC18}.Debug|Any CPU.ActiveCfg = Debug|Any CPU
		{A0E478A2-D060-4A78-8502-B07803ECEC18}.Debug|Any CPU.Build.0 = Debug|Any CPU
		{A0E478A2-D060-4A78-8502-B07803ECEC18}.Release|Any CPU.ActiveCfg = Release|Any CPU
		{A0E478A2-D060-4A78-8502-B07803ECEC18}.Release|Any CPU.Build.0 = Release|Any CPU
		{1C55A67B-692F-41C2-BA8B-AF74E7F49333}.Debug|Any CPU.ActiveCfg = Debug|Any CPU
		{1C55A67B-692F-41C2-BA8B-AF74E7F49333}.Debug|Any CPU.Build.0 = Debug|Any CPU
		{1C55A67B-692F-41C2-BA8B-AF74E7F49333}.Release|Any CPU.ActiveCfg = Release|Any CPU
		{1C55A67B-692F-41C2-BA8B-AF74E7F49333}.Release|Any CPU.Build.0 = Release|Any CPU
		{D618F50C-2284-482F-A1BF-829BCAB44B34}.Debug|Any CPU.ActiveCfg = Debug|Any CPU
		{D618F50C-2284-482F-A1BF-829BCAB44B34}.Debug|Any CPU.Build.0 = Debug|Any CPU
		{D618F50C-2284-482F-A1BF-829BCAB44B34}.Release|Any CPU.ActiveCfg = Release|Any CPU
		{D618F50C-2284-482F-A1BF-829BCAB44B34}.Release|Any CPU.Build.0 = Release|Any CPU
		{C1A02F54-3AB4-46EE-BBCF-7C3A5D5FCD4F}.Debug|Any CPU.ActiveCfg = Debug|Any CPU
		{C1A02F54-3AB4-46EE-BBCF-7C3A5D5FCD4F}.Debug|Any CPU.Build.0 = Debug|Any CPU
		{C1A02F54-3AB4-46EE-BBCF-7C3A5D5FCD4F}.Release|Any CPU.ActiveCfg = Release|Any CPU
		{C1A02F54-3AB4-46EE-BBCF-7C3A5D5FCD4F}.Release|Any CPU.Build.0 = Release|Any CPU
		{75824B7B-4F49-45D3-B651-82431C6CE5C4}.Debug|Any CPU.ActiveCfg = Debug|Any CPU
		{75824B7B-4F49-45D3-B651-82431C6CE5C4}.Debug|Any CPU.Build.0 = Debug|Any CPU
		{75824B7B-4F49-45D3-B651-82431C6CE5C4}.Release|Any CPU.ActiveCfg = Release|Any CPU
		{75824B7B-4F49-45D3-B651-82431C6CE5C4}.Release|Any CPU.Build.0 = Release|Any CPU
		{BA3A5134-F073-4902-9894-0BD470EDB8F8}.Debug|Any CPU.ActiveCfg = Debug|Any CPU
		{BA3A5134-F073-4902-9894-0BD470EDB8F8}.Debug|Any CPU.Build.0 = Debug|Any CPU
		{BA3A5134-F073-4902-9894-0BD470EDB8F8}.Release|Any CPU.ActiveCfg = Release|Any CPU
		{BA3A5134-F073-4902-9894-0BD470EDB8F8}.Release|Any CPU.Build.0 = Release|Any CPU
		{DBC37A9B-6AC9-4DBD-8360-1F403F383B20}.Debug|Any CPU.ActiveCfg = Debug|Any CPU
		{DBC37A9B-6AC9-4DBD-8360-1F403F383B20}.Debug|Any CPU.Build.0 = Debug|Any CPU
		{DBC37A9B-6AC9-4DBD-8360-1F403F383B20}.Release|Any CPU.ActiveCfg = Release|Any CPU
		{DBC37A9B-6AC9-4DBD-8360-1F403F383B20}.Release|Any CPU.Build.0 = Release|Any CPU
		{67C71C67-1CC5-48AD-97C1-B6517795FBC8}.Debug|Any CPU.ActiveCfg = Debug|Any CPU
		{67C71C67-1CC5-48AD-97C1-B6517795FBC8}.Debug|Any CPU.Build.0 = Debug|Any CPU
		{67C71C67-1CC5-48AD-97C1-B6517795FBC8}.Release|Any CPU.ActiveCfg = Release|Any CPU
		{67C71C67-1CC5-48AD-97C1-B6517795FBC8}.Release|Any CPU.Build.0 = Release|Any CPU
		{C35A48D4-4187-45D3-BBDF-1E8FE514A5E0}.Debug|Any CPU.ActiveCfg = Debug|Any CPU
		{C35A48D4-4187-45D3-BBDF-1E8FE514A5E0}.Debug|Any CPU.Build.0 = Debug|Any CPU
		{C35A48D4-4187-45D3-BBDF-1E8FE514A5E0}.Release|Any CPU.ActiveCfg = Release|Any CPU
		{C35A48D4-4187-45D3-BBDF-1E8FE514A5E0}.Release|Any CPU.Build.0 = Release|Any CPU
		{59E0282A-5850-47FD-87E5-A2DED9451B59}.Debug|Any CPU.ActiveCfg = Debug|Any CPU
		{59E0282A-5850-47FD-87E5-A2DED9451B59}.Debug|Any CPU.Build.0 = Debug|Any CPU
		{59E0282A-5850-47FD-87E5-A2DED9451B59}.Release|Any CPU.ActiveCfg = Release|Any CPU
		{59E0282A-5850-47FD-87E5-A2DED9451B59}.Release|Any CPU.Build.0 = Release|Any CPU
		{84C9C15A-3F75-42F3-9FB2-CFCEAD9FDEC9}.Debug|Any CPU.ActiveCfg = Debug|Any CPU
		{84C9C15A-3F75-42F3-9FB2-CFCEAD9FDEC9}.Debug|Any CPU.Build.0 = Debug|Any CPU
		{84C9C15A-3F75-42F3-9FB2-CFCEAD9FDEC9}.Release|Any CPU.ActiveCfg = Release|Any CPU
		{84C9C15A-3F75-42F3-9FB2-CFCEAD9FDEC9}.Release|Any CPU.Build.0 = Release|Any CPU
		{3588AA0D-4C29-487C-975E-60AFF84DCCC2}.Debug|Any CPU.ActiveCfg = Debug|Any CPU
		{3588AA0D-4C29-487C-975E-60AFF84DCCC2}.Debug|Any CPU.Build.0 = Debug|Any CPU
		{3588AA0D-4C29-487C-975E-60AFF84DCCC2}.Release|Any CPU.ActiveCfg = Release|Any CPU
		{3588AA0D-4C29-487C-975E-60AFF84DCCC2}.Release|Any CPU.Build.0 = Release|Any CPU
	EndGlobalSection
	GlobalSection(SolutionProperties) = preSolution
		HideSolutionNode = FALSE
	EndGlobalSection
	GlobalSection(NestedProjects) = preSolution
		{0FEFA98B-6162-4CE4-81D0-3275303B67A4} = {133BD890-CDDF-488E-8978-376466B031CC}
		{C74FD184-8611-4EC0-9CCE-C5189B6748DD} = {133BD890-CDDF-488E-8978-376466B031CC}
		{48F1E123-4EE8-4959-8409-09D5E3E91628} = {133BD890-CDDF-488E-8978-376466B031CC}
		{9DBEFBBD-2D97-464D-80DF-00E3561B2559} = {20444382-13D1-46AF-8CB9-7FB7AA4E48D0}
		{9C401C79-7C8D-4909-AC4E-634851DC60E4} = {20444382-13D1-46AF-8CB9-7FB7AA4E48D0}
		{CAAF6126-DDA7-4B0F-9078-808A9F7A0D9D} = {20444382-13D1-46AF-8CB9-7FB7AA4E48D0}
		{CBDE1793-B668-4ACA-992E-838EAB1B0856} = {20444382-13D1-46AF-8CB9-7FB7AA4E48D0}
		{6D62B1A5-FA33-4EE2-9B60-941889FC6F71} = {20444382-13D1-46AF-8CB9-7FB7AA4E48D0}
		{744AC93C-E059-4C0A-8081-A869143FA109} = {20444382-13D1-46AF-8CB9-7FB7AA4E48D0}
		{41320EA3-8885-4402-B080-620A887E7425} = {382FFCE4-6E0B-42B9-ACDF-B899F5F4C13E}
		{2D617F64-C3AB-4A92-A86B-C525EEBDB89C} = {382FFCE4-6E0B-42B9-ACDF-B899F5F4C13E}
		{C4D61B6E-6015-4991-91C8-B2B76FD7F2D8} = {382FFCE4-6E0B-42B9-ACDF-B899F5F4C13E}
		{4D92A1F0-DFED-4FB8-882F-361A289DA543} = {382FFCE4-6E0B-42B9-ACDF-B899F5F4C13E}
		{2DA0BD13-0543-4A4E-B32F-597CE228AD4E} = {382FFCE4-6E0B-42B9-ACDF-B899F5F4C13E}
		{0BD4616F-2B03-4B4F-B34C-8FDD8D85DE40} = {382FFCE4-6E0B-42B9-ACDF-B899F5F4C13E}
		{D0A2FA1A-9F27-464E-825A-8A3A311A8BBB} = {F4A14694-CB23-4DE3-9DDE-73266744E8ED}
		{FC2A1F28-64F8-460A-834D-F179DBB2E462} = {F4A14694-CB23-4DE3-9DDE-73266744E8ED}
		{91F07BE3-962A-4BFF-91FE-3C4E977E1F3B} = {F4A14694-CB23-4DE3-9DDE-73266744E8ED}
		{D90359F7-7648-4D44-A29A-51DF4AD25486} = {F4A14694-CB23-4DE3-9DDE-73266744E8ED}
		{E8220D93-F586-4546-93F5-3902B49F29C0} = {F4A14694-CB23-4DE3-9DDE-73266744E8ED}
		{F985F167-CC53-4B62-9D61-74A5B08B733D} = {5C0F4DFA-7BE3-4FCD-91CA-DE33D98E248D}
		{44ABE7E5-616B-49AB-A19D-D654FA577CDF} = {5C0F4DFA-7BE3-4FCD-91CA-DE33D98E248D}
		{2B04F1B0-1BD5-4C8B-BE32-730ACBB8AEF6} = {5C0F4DFA-7BE3-4FCD-91CA-DE33D98E248D}
		{73FAFF2D-2F29-4764-B195-F38088108F84} = {5C0F4DFA-7BE3-4FCD-91CA-DE33D98E248D}
		{418BFE00-6FAC-43FC-B4BA-78ED9605C105} = {5C0F4DFA-7BE3-4FCD-91CA-DE33D98E248D}
		{AC600FE7-F689-4FC4-AED9-0791863C48B3} = {B4E9D33E-AC7D-40F5-900F-40967ABF5A88}
		{62EC0DB2-3C50-4D56-8C70-78767D6EE2FA} = {B4E9D33E-AC7D-40F5-900F-40967ABF5A88}
		{A3AE4594-5D44-47EC-95E6-16E5FA7E025C} = {5C0F4DFA-7BE3-4FCD-91CA-DE33D98E248D}
		{1A229CBE-007F-4FEC-84B4-926385EE5921} = {4BC22DCA-34DF-433F-A3CD-5D65ED8F818A}
		{90E66C7F-DE45-415A-BC1C-C88FC0935CE1} = {1A229CBE-007F-4FEC-84B4-926385EE5921}
		{EA7526E1-5BC2-479C-93C6-121734A03E40} = {1A229CBE-007F-4FEC-84B4-926385EE5921}
		{BA2A77CC-6125-42FC-861B-89A2CA476878} = {4BC22DCA-34DF-433F-A3CD-5D65ED8F818A}
		{D4BAD25A-78C9-4A56-A700-A8319B5DD647} = {BA2A77CC-6125-42FC-861B-89A2CA476878}
		{F05203EB-D896-47AD-8035-4C19C01F1B9D} = {BA2A77CC-6125-42FC-861B-89A2CA476878}
		{342978E0-E92B-4D0C-958B-19868E863FF4} = {4BC22DCA-34DF-433F-A3CD-5D65ED8F818A}
		{A3AE4E59-81B3-444D-8755-E92CE54E52F3} = {2D6D0A1A-7258-42AC-A37C-8032DDD0BB50}
		{7ECBD8DA-1371-4293-9108-AB28A1343175} = {A3AE4E59-81B3-444D-8755-E92CE54E52F3}
		{0721B6CA-9FDF-4641-BA24-2BBA0DA68F41} = {A3AE4E59-81B3-444D-8755-E92CE54E52F3}
		{AE3B5863-B19A-42C2-8865-60AA8CD4DDDC} = {2D6D0A1A-7258-42AC-A37C-8032DDD0BB50}
		{A0E478A2-D060-4A78-8502-B07803ECEC18} = {AE3B5863-B19A-42C2-8865-60AA8CD4DDDC}
		{EFA188E6-9206-4871-A3BB-E09A9DC813F6} = {2D6D0A1A-7258-42AC-A37C-8032DDD0BB50}
		{1C55A67B-692F-41C2-BA8B-AF74E7F49333} = {EFA188E6-9206-4871-A3BB-E09A9DC813F6}
		{D618F50C-2284-482F-A1BF-829BCAB44B34} = {EFA188E6-9206-4871-A3BB-E09A9DC813F6}
		{C1A02F54-3AB4-46EE-BBCF-7C3A5D5FCD4F} = {C3BF72AF-0670-4326-B334-DC731EB8F705}
		{75824B7B-4F49-45D3-B651-82431C6CE5C4} = {C3BF72AF-0670-4326-B334-DC731EB8F705}
		{BA3A5134-F073-4902-9894-0BD470EDB8F8} = {08EA674F-5406-4FC5-B2B9-D044D5EE2088}
		{DBC37A9B-6AC9-4DBD-8360-1F403F383B20} = {08EA674F-5406-4FC5-B2B9-D044D5EE2088}
		{67C71C67-1CC5-48AD-97C1-B6517795FBC8} = {1685EFF2-8CC3-4E61-847D-596658AC674D}
		{C35A48D4-4187-45D3-BBDF-1E8FE514A5E0} = {8EE0E8A7-8C82-4906-8108-CF8DC02CDF0B}
		{59E0282A-5850-47FD-87E5-A2DED9451B59} = {57B953CC-61F1-48A4-AFFC-3DADD0E3CEB7}
		{84C9C15A-3F75-42F3-9FB2-CFCEAD9FDEC9} = {57B953CC-61F1-48A4-AFFC-3DADD0E3CEB7}
		{3588AA0D-4C29-487C-975E-60AFF84DCCC2} = {FA511C01-DC87-4011-AEC3-08F5E7FE3236}
	EndGlobalSection
	GlobalSection(ExtensibilityGlobals) = postSolution
		SolutionGuid = {23D6E67C-AAE5-451E-A85D-7D9AD8C44472}
	EndGlobalSection
EndGlobal
